
Microsoft Visual Studio Solution File, Format Version 12.00
# Visual Studio Version 16
VisualStudioVersion = 16.0.29230.47
MinimumVisualStudioVersion = 10.0.40219.1
Project("{FAE04EC0-301F-11D3-BF4B-00C04F79EFBC}") = "WebApplication1", "WebApplication1\WebApplication1.csproj", "{07BFE628-3636-4FBE-B43D-C987F57D606E}"
EndProject
Global
	GlobalSection(SolutionConfigurationPlatforms) = preSolution
		Debug|Any CPU = Debug|Any CPU
		Release|Any CPU = Release|Any CPU
	EndGlobalSection
	GlobalSection(ProjectConfigurationPlatforms) = postSolution
		{07BFE628-3636-4FBE-B43D-C987F57D606E}.Debug|Any CPU.ActiveCfg = Debug|Any CPU
		{07BFE628-3636-4FBE-B43D-C987F57D606E}.Debug|Any CPU.Build.0 = Debug|Any CPU
		{07BFE628-3636-4FBE-B43D-C987F57D606E}.Release|Any CPU.ActiveCfg = Release|Any CPU
		{07BFE628-3636-4FBE-B43D-C987F57D606E}.Release|Any CPU.Build.0 = Release|Any CPU
	EndGlobalSection
	GlobalSection(SolutionProperties) = preSolution
		HideSolutionNode = FALSE
	EndGlobalSection
	GlobalSection(ExtensibilityGlobals) = postSolution
		SolutionGuid = {784550D0-388B-4EEB-8DF3-503F15237E2A}
	EndGlobalSection
EndGlobal
